
Microsoft Visual Studio Solution File, Format Version 12.00
# Visual Studio Version 17
VisualStudioVersion = 17.1.32328.378
MinimumVisualStudioVersion = 10.0.40219.1
Project("{9A19103F-16F7-4668-BE54-9A1E7A4F7556}") = "ClientInactiveRedisHandler", "ClientInactiveRedisHandler\ClientInactiveRedisHandler.csproj", "{704F270E-64BE-4318-A3C1-180C3ADC6C7E}"
EndProject
Project("{FAE04EC0-301F-11D3-BF4B-00C04F79EFBC}") = "ClientInactiveRedisHandler.Services", "ClientInactiveRedisHandler.Services\ClientInactiveRedisHandler.Services.csproj", "{61CC85D5-AA85-40C8-8C65-2F142B8939BE}"
EndProject
Project("{FAE04EC0-301F-11D3-BF4B-00C04F79EFBC}") = "ClientInactiveRedisHandler.Models", "ClientInactiveRedisHandler.Models\ClientInactiveRedisHandler.Models.csproj", "{1948E6B2-D17B-4FF5-8CAA-C12779287155}"
EndProject
Global
	GlobalSection(SolutionConfigurationPlatforms) = preSolution
		Debug|Any CPU = Debug|Any CPU
		Release|Any CPU = Release|Any CPU
	EndGlobalSection
	GlobalSection(ProjectConfigurationPlatforms) = postSolution
		{704F270E-64BE-4318-A3C1-180C3ADC6C7E}.Debug|Any CPU.ActiveCfg = Debug|Any CPU
		{704F270E-64BE-4318-A3C1-180C3ADC6C7E}.Debug|Any CPU.Build.0 = Debug|Any CPU
		{704F270E-64BE-4318-A3C1-180C3ADC6C7E}.Release|Any CPU.ActiveCfg = Release|Any CPU
		{704F270E-64BE-4318-A3C1-180C3ADC6C7E}.Release|Any CPU.Build.0 = Release|Any CPU
		{61CC85D5-AA85-40C8-8C65-2F142B8939BE}.Debug|Any CPU.ActiveCfg = Debug|Any CPU
		{61CC85D5-AA85-40C8-8C65-2F142B8939BE}.Debug|Any CPU.Build.0 = Debug|Any CPU
		{61CC85D5-AA85-40C8-8C65-2F142B8939BE}.Release|Any CPU.ActiveCfg = Release|Any CPU
		{61CC85D5-AA85-40C8-8C65-2F142B8939BE}.Release|Any CPU.Build.0 = Release|Any CPU
		{1948E6B2-D17B-4FF5-8CAA-C12779287155}.Debug|Any CPU.ActiveCfg = Debug|Any CPU
		{1948E6B2-D17B-4FF5-8CAA-C12779287155}.Debug|Any CPU.Build.0 = Debug|Any CPU
		{1948E6B2-D17B-4FF5-8CAA-C12779287155}.Release|Any CPU.ActiveCfg = Release|Any CPU
		{1948E6B2-D17B-4FF5-8CAA-C12779287155}.Release|Any CPU.Build.0 = Release|Any CPU
	EndGlobalSection
	GlobalSection(SolutionProperties) = preSolution
		HideSolutionNode = FALSE
	EndGlobalSection
	GlobalSection(ExtensibilityGlobals) = postSolution
		SolutionGuid = {861EC6D6-51C5-4EEC-AFC3-EA0E4B9426F5}
	EndGlobalSection
EndGlobal
